<?xml version="1.0" encoding="utf-8"?>
<Project ToolsVersion="4.0" xmlns="http://schemas.microsoft.com/developer/msbuild/2003">
  <ItemGroup>
    <Filter Include="源文件">
      <UniqueIdentifier>{4FC737F1-C7A5-4376-A066-2A32D752A2FF}</UniqueIdentifier>
      <Extensions>cpp;c;cc;cxx;def;odl;idl;hpj;bat;asm;asmx</Extensions>
    </Filter>
    <Filter Include="头文件">
      <UniqueIdentifier>{93995380-89BD-4b04-88EB-625FBE52EBFB}</UniqueIdentifier>
      <Extensions>h;hh;hpp;hxx;hm;inl;inc;ipp;xsd</Extensions>
    </Filter>
    <Filter Include="资源文件">
      <UniqueIdentifier>{67DA6AB6-F800-4c08-8B7A-83BB121AAD01}</UniqueIdentifier>
      <Extensions>rc;ico;cur;bmp;dlg;rc2;rct;bin;rgs;gif;jpg;jpeg;jpe;resx;tiff;tif;png;wav;mfcribbon-ms</Extensions>
    </Filter>
  </ItemGroup>
  <ItemGroup>
    <ClInclude Include="include\Generals.h">
      <Filter>头文件</Filter>
    </ClInclude>
    <ClInclude Include="include\GPUDevice.h">
      <Filter>头文件</Filter>
    </ClInclude>
    <ClInclude Include="headers\VulkanGPUDevice.h">
      <Filter>头文件</Filter>
    </ClInclude>
    <ClInclude Include="headers\VulkanBuffer.h">
      <Filter>头文件</Filter>
    </ClInclude>
    <ClInclude Include="headers\VulkanHeader.h">
      <Filter>头文件</Filter>
    </ClInclude>
    <ClInclude Include="headers\VulkanInstance.h">
      <Filter>头文件</Filter>
    </ClInclude>
    <ClInclude Include="headers\VulkanDebugLog.h">
      <Filter>头文件</Filter>
    </ClInclude>
    <ClInclude Include="include\Version.h">
      <Filter>头文件</Filter>
    </ClInclude>
    <ClInclude Include="headers\Debug.h">
      <Filter>头文件</Filter>
    </ClInclude>
    <ClInclude Include="headers\VulkanSurfaceContext.h">
      <Filter>头文件</Filter>
    </ClInclude>
    <ClInclude Include="headers\VulkanTranslator.h">
      <Filter>头文件</Filter>
    </ClInclude>
    <ClInclude Include="include\IWindow.h">
      <Filter>头文件</Filter>
    </ClInclude>
    <ClInclude Include="headers\D3D12Header.h">
      <Filter>头文件</Filter>
    </ClInclude>
    <ClInclude Include="headers\d3dx12.h">
      <Filter>头文件</Filter>
    </ClInclude>
    <ClInclude Include="headers\D3D12GPUDevice.h">
      <Filter>头文件</Filter>
    </ClInclude>
    <ClInclude Include="headers\D3D12Instance.h">
      <Filter>头文件</Filter>
    </ClInclude>
    <ClInclude Include="headers\vk_mem_alloc.h">
      <Filter>头文件</Filter>
    </ClInclude>
    <ClInclude Include="headers\VulkanGPUDeviceThread.h">
      <Filter>头文件</Filter>
    </ClInclude>
    <ClInclude Include="headers\Containers.h">
      <Filter>头文件</Filter>
    </ClInclude>
    <ClInclude Include="headers\VulkanImage.h">
      <Filter>头文件</Filter>
    </ClInclude>
    <ClInclude Include="headers\VulkanRenderPass.h">
      <Filter>头文件</Filter>
    </ClInclude>
    <ClInclude Include="include\Pipeline.h">
      <Filter>头文件</Filter>
    </ClInclude>
    <ClInclude Include="headers\VulkanDescriptors.h">
      <Filter>头文件</Filter>
    </ClInclude>
    <ClInclude Include="include\Configuration.h">
      <Filter>头文件</Filter>
    </ClInclude>
    <ClInclude Include="headers\VulkanPipeline.h">
      <Filter>头文件</Filter>
    </ClInclude>
    <ClInclude Include="headers\VulkanFramebuffer.h">
      <Filter>头文件</Filter>
    </ClInclude>
    <ClInclude Include="headers\VulkanRenderPassInstance.h">
      <Filter>头文件</Filter>
    </ClInclude>
    <ClInclude Include="headers\D3D12SurfaceContext.h">
      <Filter>头文件</Filter>
    </ClInclude>
    <ClInclude Include="headers\D3D12DebugLog.h">
      <Filter>头文件</Filter>
    </ClInclude>
    <ClInclude Include="headers\VulkanGraphicsCommandBuffer.h">
      <Filter>头文件</Filter>
    </ClInclude>
    <ClInclude Include="headers\GeneralDebug.h">
      <Filter>头文件</Filter>
    </ClInclude>
    <ClInclude Include="headers\HelperContainers.h">
      <Filter>头文件</Filter>
    </ClInclude>
    <ClInclude Include="headers\VulkanExecutionCommandBuffer.h">
      <Filter>头文件</Filter>
    </ClInclude>
    <ClInclude Include="headers\VulkanBatch.h">
      <Filter>头文件</Filter>
    </ClInclude>
    <ClInclude Include="include\RayTracer.h">
      <Filter>头文件</Filter>
    </ClInclude>
    <ClInclude Include="headers\VulkanRayTracer.h">
      <Filter>头文件</Filter>
    </ClInclude>
    <ClInclude Include="include\RayTraceGeometry.h">
      <Filter>头文件</Filter>
    </ClInclude>
    <ClInclude Include="headers\VulkanRayTraceGeometry.h">
      <Filter>头文件</Filter>
    </ClInclude>
  </ItemGroup>
  <ItemGroup>
    <ClCompile Include="src\GPUDevice.cpp">
      <Filter>源文件</Filter>
    </ClCompile>
    <ClCompile Include="src\VulkanGPUDevice.cpp">
      <Filter>源文件</Filter>
    </ClCompile>
    <ClCompile Include="src\VulkanInstance.cpp">
      <Filter>源文件</Filter>
    </ClCompile>
    <ClCompile Include="src\VulkanSurfaceContext.cpp">
      <Filter>源文件</Filter>
    </ClCompile>
    <ClCompile Include="src\D3D12GPUDevice.cpp">
      <Filter>源文件</Filter>
    </ClCompile>
    <ClCompile Include="src\VulkanBuffer.cpp">
      <Filter>源文件</Filter>
    </ClCompile>
    <ClCompile Include="src\vk_mem_alloc.cpp">
      <Filter>源文件</Filter>
    </ClCompile>
    <ClCompile Include="src\VulkanImage.cpp">
      <Filter>源文件</Filter>
    </ClCompile>
    <ClCompile Include="src\VulkanRenderPass.cpp">
      <Filter>源文件</Filter>
    </ClCompile>
    <ClCompile Include="src\VulkanDescriptors.cpp">
      <Filter>源文件</Filter>
    </ClCompile>
    <ClCompile Include="src\VulkanPipeline.cpp">
      <Filter>源文件</Filter>
    </ClCompile>
    <ClCompile Include="src\VulkanFramebuffer.cpp">
      <Filter>源文件</Filter>
    </ClCompile>
    <ClCompile Include="src\VulkanRenderPassInstance.cpp">
      <Filter>源文件</Filter>
    </ClCompile>
    <ClCompile Include="src\VulkanGPUDeviceThread.cpp">
      <Filter>源文件</Filter>
    </ClCompile>
    <ClCompile Include="src\D3D12Instance.cpp">
      <Filter>源文件</Filter>
    </ClCompile>
    <ClCompile Include="src\VulkanGraphicsCommandBuffer.cpp">
      <Filter>源文件</Filter>
    </ClCompile>
    <ClCompile Include="src\VulkanExecutionCommandBuffer.cpp">
      <Filter>源文件</Filter>
    </ClCompile>
    <ClCompile Include="src\VulkanBatch.cpp">
      <Filter>源文件</Filter>
    </ClCompile>
    <ClCompile Include="src\VulkanRayTracer.cpp">
      <Filter>源文件</Filter>
    </ClCompile>
    <ClCompile Include="src\VulkanRayTraceGeometry.cpp">
      <Filter>源文件</Filter>
    </ClCompile>
  </ItemGroup>
</Project>